
Microsoft Visual Studio Solution File, Format Version 9.00
# Visual Studio 2005
Project("{FAE04EC0-301F-11D3-BF4B-00C04F79EFBC}") = "VS2005", "VS2005\VS2005.csproj", "{B67313DA-A139-4BDB-9493-5DA9E5884A8D}"
EndProject
Global
	GlobalSection(SolutionConfigurationPlatforms) = preSolution
		Debug|Any CPU = Debug|Any CPU
		Release|Any CPU = Release|Any CPU
	EndGlobalSection
	GlobalSection(ProjectConfigurationPlatforms) = postSolution
		{B67313DA-A139-4BDB-9493-5DA9E5884A8D}.Debug|Any CPU.ActiveCfg = Debug|Any CPU
		{B67313DA-A139-4BDB-9493-5DA9E5884A8D}.Debug|Any CPU.Build.0 = Debug|Any CPU
		{B67313DA-A139-4BDB-9493-5DA9E5884A8D}.Release|Any CPU.ActiveCfg = Release|Any CPU
		{B67313DA-A139-4BDB-9493-5DA9E5884A8D}.Release|Any CPU.Build.0 = Release|Any CPU
	EndGlobalSection
	GlobalSection(SolutionProperties) = preSolution
		HideSolutionNode = FALSE
	EndGlobalSection
EndGlobal
